
Microsoft Visual Studio Solution File, Format Version 12.00
# Visual Studio 15
VisualStudioVersion = 15.0.26606.0
MinimumVisualStudioVersion = 10.0.40219.1
Project("{2150E333-8FDC-42A3-9474-1A3956D46DE8}") = "src", "src", "{1D6EC164-7C38-489A-85C3-8D339DDC3020}"
EndProject
Project("{2150E333-8FDC-42A3-9474-1A3956D46DE8}") = "Solution Items", "Solution Items", "{F9E5253D-8DEF-4F49-B1B0-19AE7A7E9066}"
	ProjectSection(SolutionItems) = preProject
		appveyor.yml = appveyor.yml
		build.ps1 = build.ps1
		packaging.json = packaging.json
		README.md = README.md
	EndProjectSection
EndProject
Project("{2150E333-8FDC-42A3-9474-1A3956D46DE8}") = "Abstractions", "Abstractions", "{70CE0127-77CF-47A7-A7F9-79E3FB5C29B7}"
EndProject
Project("{2150E333-8FDC-42A3-9474-1A3956D46DE8}") = "Abstractions.IO", "Abstractions.IO", "{0593F044-42E8-4E8B-9228-D89236DD031C}"
EndProject
Project("{9A19103F-16F7-4668-BE54-9A1E7A4F7556}") = "Leoxia.Implementations.IO", "src\Leoxia.Implementations.IO\Leoxia.Implementations.IO.csproj", "{9C2804B8-83D5-47E9-B8CF-DA07E2B82212}"
EndProject
Project("{9A19103F-16F7-4668-BE54-9A1E7A4F7556}") = "Leoxia.Abstractions.IO", "src\Leoxia.Abstractions.IO\Leoxia.Abstractions.IO.csproj", "{5F9FE0A1-FDEF-449D-89FA-30C63A025020}"
EndProject
Project("{9A19103F-16F7-4668-BE54-9A1E7A4F7556}") = "Leoxia.Abstractions.IO.FileSystem.DriveInfo", "src\Leoxia.Abstractions.IO.FileSystem.DriveInfo\Leoxia.Abstractions.IO.FileSystem.DriveInfo.csproj", "{7F0321AA-88B7-49DB-9E89-F1F486640FC2}"
EndProject
Project("{9A19103F-16F7-4668-BE54-9A1E7A4F7556}") = "Leoxia.Abstractions.IO.FileSystem.Watcher", "src\Leoxia.Abstractions.IO.FileSystem.Watcher\Leoxia.Abstractions.IO.FileSystem.Watcher.csproj", "{62D3230F-E794-4FF6-BD97-FE6B0045B13A}"
EndProject
Project("{9A19103F-16F7-4668-BE54-9A1E7A4F7556}") = "Leoxia.Implementations.IO.FileSystem.Watcher", "src\Leoxia.Implementations.IO.FileSystem.Watcher\Leoxia.Implementations.IO.FileSystem.Watcher.csproj", "{433F9491-2563-4E3B-8AA5-8C45C74EACCE}"
EndProject
Project("{9A19103F-16F7-4668-BE54-9A1E7A4F7556}") = "Leoxia.Implementations.IO.FileSystem.DriveInfo", "src\Leoxia.Implementations.IO.FileSystem.DriveInfo\Leoxia.Implementations.IO.FileSystem.DriveInfo.csproj", "{2742B9DF-2AAA-4897-927D-9AB9912EEBBB}"
EndProject
Project("{9A19103F-16F7-4668-BE54-9A1E7A4F7556}") = "Leoxia.Abstractions", "src\Leoxia.Abstractions\Leoxia.Abstractions.csproj", "{A041B9CE-BEF5-45DF-A734-E69B7FA3F3CD}"
EndProject
Project("{9A19103F-16F7-4668-BE54-9A1E7A4F7556}") = "Leoxia.Implementations", "src\Leoxia.Implementations\Leoxia.Implementations.csproj", "{9DF9C9A9-3C45-41B4-9F6B-C9E62D31A306}"
EndProject
Project("{9A19103F-16F7-4668-BE54-9A1E7A4F7556}") = "Leoxia.Implementations.Time", "src\Leoxia.Implementations.Time\Leoxia.Implementations.Time.csproj", "{223D9B38-2BA5-485E-98A4-1A53635FE7D1}"
EndProject
Project("{9A19103F-16F7-4668-BE54-9A1E7A4F7556}") = "Leoxia.Abstractions.Diagnostics", "src\Leoxia.Abstractions.Diagnostics\Leoxia.Abstractions.Diagnostics.csproj", "{8433041F-EAB6-4517-84D3-A5ACBB1685BD}"
EndProject
Project("{9A19103F-16F7-4668-BE54-9A1E7A4F7556}") = "Leoxia.Implementations.Diagnostics", "src\Leoxia.Implementations.Diagnostics\Leoxia.Implementations.Diagnostics.csproj", "{541ABB88-EC94-4B71-9FAB-74A2991D6FCA}"
EndProject
Project("{2150E333-8FDC-42A3-9474-1A3956D46DE8}") = "test", "test", "{7538A25E-2983-4BC0-825F-B8B1147A6476}"
EndProject
Project("{9A19103F-16F7-4668-BE54-9A1E7A4F7556}") = "Leoxia.Implementations.IO.Test", "test\Leoxia.Implementations.IO.Test\Leoxia.Implementations.IO.Test.csproj", "{41DF82EE-483F-41C5-9B6E-E04A1E4B4D5D}"
EndProject
Global
	GlobalSection(SolutionConfigurationPlatforms) = preSolution
		Debug|Any CPU = Debug|Any CPU
		Debug|ARM = Debug|ARM
		Debug|x64 = Debug|x64
		Debug|x86 = Debug|x86
		Release|Any CPU = Release|Any CPU
		Release|ARM = Release|ARM
		Release|x64 = Release|x64
		Release|x86 = Release|x86
	EndGlobalSection
	GlobalSection(ProjectConfigurationPlatforms) = postSolution
		{9C2804B8-83D5-47E9-B8CF-DA07E2B82212}.Debug|Any CPU.ActiveCfg = Debug|Any CPU
		{9C2804B8-83D5-47E9-B8CF-DA07E2B82212}.Debug|Any CPU.Build.0 = Debug|Any CPU
		{9C2804B8-83D5-47E9-B8CF-DA07E2B82212}.Debug|ARM.ActiveCfg = Debug|Any CPU
		{9C2804B8-83D5-47E9-B8CF-DA07E2B82212}.Debug|ARM.Build.0 = Debug|Any CPU
		{9C2804B8-83D5-47E9-B8CF-DA07E2B82212}.Debug|x64.ActiveCfg = Debug|Any CPU
		{9C2804B8-83D5-47E9-B8CF-DA07E2B82212}.Debug|x64.Build.0 = Debug|Any CPU
		{9C2804B8-83D5-47E9-B8CF-DA07E2B82212}.Debug|x86.ActiveCfg = Debug|Any CPU
		{9C2804B8-83D5-47E9-B8CF-DA07E2B82212}.Debug|x86.Build.0 = Debug|Any CPU
		{9C2804B8-83D5-47E9-B8CF-DA07E2B82212}.Release|Any CPU.ActiveCfg = Release|Any CPU
		{9C2804B8-83D5-47E9-B8CF-DA07E2B82212}.Release|Any CPU.Build.0 = Release|Any CPU
		{9C2804B8-83D5-47E9-B8CF-DA07E2B82212}.Release|ARM.ActiveCfg = Release|Any CPU
		{9C2804B8-83D5-47E9-B8CF-DA07E2B82212}.Release|ARM.Build.0 = Release|Any CPU
		{9C2804B8-83D5-47E9-B8CF-DA07E2B82212}.Release|x64.ActiveCfg = Release|Any CPU
		{9C2804B8-83D5-47E9-B8CF-DA07E2B82212}.Release|x64.Build.0 = Release|Any CPU
		{9C2804B8-83D5-47E9-B8CF-DA07E2B82212}.Release|x86.ActiveCfg = Release|Any CPU
		{9C2804B8-83D5-47E9-B8CF-DA07E2B82212}.Release|x86.Build.0 = Release|Any CPU
		{5F9FE0A1-FDEF-449D-89FA-30C63A025020}.Debug|Any CPU.ActiveCfg = Debug|Any CPU
		{5F9FE0A1-FDEF-449D-89FA-30C63A025020}.Debug|Any CPU.Build.0 = Debug|Any CPU
		{5F9FE0A1-FDEF-449D-89FA-30C63A025020}.Debug|ARM.ActiveCfg = Debug|Any CPU
		{5F9FE0A1-FDEF-449D-89FA-30C63A025020}.Debug|ARM.Build.0 = Debug|Any CPU
		{5F9FE0A1-FDEF-449D-89FA-30C63A025020}.Debug|x64.ActiveCfg = Debug|Any CPU
		{5F9FE0A1-FDEF-449D-89FA-30C63A025020}.Debug|x64.Build.0 = Debug|Any CPU
		{5F9FE0A1-FDEF-449D-89FA-30C63A025020}.Debug|x86.ActiveCfg = Debug|Any CPU
		{5F9FE0A1-FDEF-449D-89FA-30C63A025020}.Debug|x86.Build.0 = Debug|Any CPU
		{5F9FE0A1-FDEF-449D-89FA-30C63A025020}.Release|Any CPU.ActiveCfg = Release|Any CPU
		{5F9FE0A1-FDEF-449D-89FA-30C63A025020}.Release|Any CPU.Build.0 = Release|Any CPU
		{5F9FE0A1-FDEF-449D-89FA-30C63A025020}.Release|ARM.ActiveCfg = Release|Any CPU
		{5F9FE0A1-FDEF-449D-89FA-30C63A025020}.Release|ARM.Build.0 = Release|Any CPU
		{5F9FE0A1-FDEF-449D-89FA-30C63A025020}.Release|x64.ActiveCfg = Release|Any CPU
		{5F9FE0A1-FDEF-449D-89FA-30C63A025020}.Release|x64.Build.0 = Release|Any CPU
		{5F9FE0A1-FDEF-449D-89FA-30C63A025020}.Release|x86.ActiveCfg = Release|Any CPU
		{5F9FE0A1-FDEF-449D-89FA-30C63A025020}.Release|x86.Build.0 = Release|Any CPU
		{7F0321AA-88B7-49DB-9E89-F1F486640FC2}.Debug|Any CPU.ActiveCfg = Debug|Any CPU
		{7F0321AA-88B7-49DB-9E89-F1F486640FC2}.Debug|Any CPU.Build.0 = Debug|Any CPU
		{7F0321AA-88B7-49DB-9E89-F1F486640FC2}.Debug|ARM.ActiveCfg = Debug|Any CPU
		{7F0321AA-88B7-49DB-9E89-F1F486640FC2}.Debug|ARM.Build.0 = Debug|Any CPU
		{7F0321AA-88B7-49DB-9E89-F1F486640FC2}.Debug|x64.ActiveCfg = Debug|Any CPU
		{7F0321AA-88B7-49DB-9E89-F1F486640FC2}.Debug|x64.Build.0 = Debug|Any CPU
		{7F0321AA-88B7-49DB-9E89-F1F486640FC2}.Debug|x86.ActiveCfg = Debug|Any CPU
		{7F0321AA-88B7-49DB-9E89-F1F486640FC2}.Debug|x86.Build.0 = Debug|Any CPU
		{7F0321AA-88B7-49DB-9E89-F1F486640FC2}.Release|Any CPU.ActiveCfg = Release|Any CPU
		{7F0321AA-88B7-49DB-9E89-F1F486640FC2}.Release|Any CPU.Build.0 = Release|Any CPU
		{7F0321AA-88B7-49DB-9E89-F1F486640FC2}.Release|ARM.ActiveCfg = Release|Any CPU
		{7F0321AA-88B7-49DB-9E89-F1F486640FC2}.Release|ARM.Build.0 = Release|Any CPU
		{7F0321AA-88B7-49DB-9E89-F1F486640FC2}.Release|x64.ActiveCfg = Release|Any CPU
		{7F0321AA-88B7-49DB-9E89-F1F486640FC2}.Release|x64.Build.0 = Release|Any CPU
		{7F0321AA-88B7-49DB-9E89-F1F486640FC2}.Release|x86.ActiveCfg = Release|Any CPU
		{7F0321AA-88B7-49DB-9E89-F1F486640FC2}.Release|x86.Build.0 = Release|Any CPU
		{62D3230F-E794-4FF6-BD97-FE6B0045B13A}.Debug|Any CPU.ActiveCfg = Debug|Any CPU
		{62D3230F-E794-4FF6-BD97-FE6B0045B13A}.Debug|Any CPU.Build.0 = Debug|Any CPU
		{62D3230F-E794-4FF6-BD97-FE6B0045B13A}.Debug|ARM.ActiveCfg = Debug|Any CPU
		{62D3230F-E794-4FF6-BD97-FE6B0045B13A}.Debug|ARM.Build.0 = Debug|Any CPU
		{62D3230F-E794-4FF6-BD97-FE6B0045B13A}.Debug|x64.ActiveCfg = Debug|Any CPU
		{62D3230F-E794-4FF6-BD97-FE6B0045B13A}.Debug|x64.Build.0 = Debug|Any CPU
		{62D3230F-E794-4FF6-BD97-FE6B0045B13A}.Debug|x86.ActiveCfg = Debug|Any CPU
		{62D3230F-E794-4FF6-BD97-FE6B0045B13A}.Debug|x86.Build.0 = Debug|Any CPU
		{62D3230F-E794-4FF6-BD97-FE6B0045B13A}.Release|Any CPU.ActiveCfg = Release|Any CPU
		{62D3230F-E794-4FF6-BD97-FE6B0045B13A}.Release|Any CPU.Build.0 = Release|Any CPU
		{62D3230F-E794-4FF6-BD97-FE6B0045B13A}.Release|ARM.ActiveCfg = Release|Any CPU
		{62D3230F-E794-4FF6-BD97-FE6B0045B13A}.Release|ARM.Build.0 = Release|Any CPU
		{62D3230F-E794-4FF6-BD97-FE6B0045B13A}.Release|x64.ActiveCfg = Release|Any CPU
		{62D3230F-E794-4FF6-BD97-FE6B0045B13A}.Release|x64.Build.0 = Release|Any CPU
		{62D3230F-E794-4FF6-BD97-FE6B0045B13A}.Release|x86.ActiveCfg = Release|Any CPU
		{62D3230F-E794-4FF6-BD97-FE6B0045B13A}.Release|x86.Build.0 = Release|Any CPU
		{433F9491-2563-4E3B-8AA5-8C45C74EACCE}.Debug|Any CPU.ActiveCfg = Debug|Any CPU
		{433F9491-2563-4E3B-8AA5-8C45C74EACCE}.Debug|Any CPU.Build.0 = Debug|Any CPU
		{433F9491-2563-4E3B-8AA5-8C45C74EACCE}.Debug|ARM.ActiveCfg = Debug|Any CPU
		{433F9491-2563-4E3B-8AA5-8C45C74EACCE}.Debug|ARM.Build.0 = Debug|Any CPU
		{433F9491-2563-4E3B-8AA5-8C45C74EACCE}.Debug|x64.ActiveCfg = Debug|Any CPU
		{433F9491-2563-4E3B-8AA5-8C45C74EACCE}.Debug|x64.Build.0 = Debug|Any CPU
		{433F9491-2563-4E3B-8AA5-8C45C74EACCE}.Debug|x86.ActiveCfg = Debug|Any CPU
		{433F9491-2563-4E3B-8AA5-8C45C74EACCE}.Debug|x86.Build.0 = Debug|Any CPU
		{433F9491-2563-4E3B-8AA5-8C45C74EACCE}.Release|Any CPU.ActiveCfg = Release|Any CPU
		{433F9491-2563-4E3B-8AA5-8C45C74EACCE}.Release|Any CPU.Build.0 = Release|Any CPU
		{433F9491-2563-4E3B-8AA5-8C45C74EACCE}.Release|ARM.ActiveCfg = Release|Any CPU
		{433F9491-2563-4E3B-8AA5-8C45C74EACCE}.Release|ARM.Build.0 = Release|Any CPU
		{433F9491-2563-4E3B-8AA5-8C45C74EACCE}.Release|x64.ActiveCfg = Release|Any CPU
		{433F9491-2563-4E3B-8AA5-8C45C74EACCE}.Release|x64.Build.0 = Release|Any CPU
		{433F9491-2563-4E3B-8AA5-8C45C74EACCE}.Release|x86.ActiveCfg = Release|Any CPU
		{433F9491-2563-4E3B-8AA5-8C45C74EACCE}.Release|x86.Build.0 = Release|Any CPU
		{2742B9DF-2AAA-4897-927D-9AB9912EEBBB}.Debug|Any CPU.ActiveCfg = Debug|Any CPU
		{2742B9DF-2AAA-4897-927D-9AB9912EEBBB}.Debug|Any CPU.Build.0 = Debug|Any CPU
		{2742B9DF-2AAA-4897-927D-9AB9912EEBBB}.Debug|ARM.ActiveCfg = Debug|Any CPU
		{2742B9DF-2AAA-4897-927D-9AB9912EEBBB}.Debug|ARM.Build.0 = Debug|Any CPU
		{2742B9DF-2AAA-4897-927D-9AB9912EEBBB}.Debug|x64.ActiveCfg = Debug|Any CPU
		{2742B9DF-2AAA-4897-927D-9AB9912EEBBB}.Debug|x64.Build.0 = Debug|Any CPU
		{2742B9DF-2AAA-4897-927D-9AB9912EEBBB}.Debug|x86.ActiveCfg = Debug|Any CPU
		{2742B9DF-2AAA-4897-927D-9AB9912EEBBB}.Debug|x86.Build.0 = Debug|Any CPU
		{2742B9DF-2AAA-4897-927D-9AB9912EEBBB}.Release|Any CPU.ActiveCfg = Release|Any CPU
		{2742B9DF-2AAA-4897-927D-9AB9912EEBBB}.Release|Any CPU.Build.0 = Release|Any CPU
		{2742B9DF-2AAA-4897-927D-9AB9912EEBBB}.Release|ARM.ActiveCfg = Release|Any CPU
		{2742B9DF-2AAA-4897-927D-9AB9912EEBBB}.Release|ARM.Build.0 = Release|Any CPU
		{2742B9DF-2AAA-4897-927D-9AB9912EEBBB}.Release|x64.ActiveCfg = Release|Any CPU
		{2742B9DF-2AAA-4897-927D-9AB9912EEBBB}.Release|x64.Build.0 = Release|Any CPU
		{2742B9DF-2AAA-4897-927D-9AB9912EEBBB}.Release|x86.ActiveCfg = Release|Any CPU
		{2742B9DF-2AAA-4897-927D-9AB9912EEBBB}.Release|x86.Build.0 = Release|Any CPU
		{A041B9CE-BEF5-45DF-A734-E69B7FA3F3CD}.Debug|Any CPU.ActiveCfg = Debug|Any CPU
		{A041B9CE-BEF5-45DF-A734-E69B7FA3F3CD}.Debug|Any CPU.Build.0 = Debug|Any CPU
		{A041B9CE-BEF5-45DF-A734-E69B7FA3F3CD}.Debug|ARM.ActiveCfg = Debug|Any CPU
		{A041B9CE-BEF5-45DF-A734-E69B7FA3F3CD}.Debug|ARM.Build.0 = Debug|Any CPU
		{A041B9CE-BEF5-45DF-A734-E69B7FA3F3CD}.Debug|x64.ActiveCfg = Debug|Any CPU
		{A041B9CE-BEF5-45DF-A734-E69B7FA3F3CD}.Debug|x64.Build.0 = Debug|Any CPU
		{A041B9CE-BEF5-45DF-A734-E69B7FA3F3CD}.Debug|x86.ActiveCfg = Debug|Any CPU
		{A041B9CE-BEF5-45DF-A734-E69B7FA3F3CD}.Debug|x86.Build.0 = Debug|Any CPU
		{A041B9CE-BEF5-45DF-A734-E69B7FA3F3CD}.Release|Any CPU.ActiveCfg = Release|Any CPU
		{A041B9CE-BEF5-45DF-A734-E69B7FA3F3CD}.Release|Any CPU.Build.0 = Release|Any CPU
		{A041B9CE-BEF5-45DF-A734-E69B7FA3F3CD}.Release|ARM.ActiveCfg = Release|Any CPU
		{A041B9CE-BEF5-45DF-A734-E69B7FA3F3CD}.Release|ARM.Build.0 = Release|Any CPU
		{A041B9CE-BEF5-45DF-A734-E69B7FA3F3CD}.Release|x64.ActiveCfg = Release|Any CPU
		{A041B9CE-BEF5-45DF-A734-E69B7FA3F3CD}.Release|x64.Build.0 = Release|Any CPU
		{A041B9CE-BEF5-45DF-A734-E69B7FA3F3CD}.Release|x86.ActiveCfg = Release|Any CPU
		{A041B9CE-BEF5-45DF-A734-E69B7FA3F3CD}.Release|x86.Build.0 = Release|Any CPU
		{9DF9C9A9-3C45-41B4-9F6B-C9E62D31A306}.Debug|Any CPU.ActiveCfg = Debug|Any CPU
		{9DF9C9A9-3C45-41B4-9F6B-C9E62D31A306}.Debug|Any CPU.Build.0 = Debug|Any CPU
		{9DF9C9A9-3C45-41B4-9F6B-C9E62D31A306}.Debug|ARM.ActiveCfg = Debug|Any CPU
		{9DF9C9A9-3C45-41B4-9F6B-C9E62D31A306}.Debug|ARM.Build.0 = Debug|Any CPU
		{9DF9C9A9-3C45-41B4-9F6B-C9E62D31A306}.Debug|x64.ActiveCfg = Debug|Any CPU
		{9DF9C9A9-3C45-41B4-9F6B-C9E62D31A306}.Debug|x64.Build.0 = Debug|Any CPU
		{9DF9C9A9-3C45-41B4-9F6B-C9E62D31A306}.Debug|x86.ActiveCfg = Debug|Any CPU
		{9DF9C9A9-3C45-41B4-9F6B-C9E62D31A306}.Debug|x86.Build.0 = Debug|Any CPU
		{9DF9C9A9-3C45-41B4-9F6B-C9E62D31A306}.Release|Any CPU.ActiveCfg = Release|Any CPU
		{9DF9C9A9-3C45-41B4-9F6B-C9E62D31A306}.Release|Any CPU.Build.0 = Release|Any CPU
		{9DF9C9A9-3C45-41B4-9F6B-C9E62D31A306}.Release|ARM.ActiveCfg = Release|Any CPU
		{9DF9C9A9-3C45-41B4-9F6B-C9E62D31A306}.Release|ARM.Build.0 = Release|Any CPU
		{9DF9C9A9-3C45-41B4-9F6B-C9E62D31A306}.Release|x64.ActiveCfg = Release|Any CPU
		{9DF9C9A9-3C45-41B4-9F6B-C9E62D31A306}.Release|x64.Build.0 = Release|Any CPU
		{9DF9C9A9-3C45-41B4-9F6B-C9E62D31A306}.Release|x86.ActiveCfg = Release|Any CPU
		{9DF9C9A9-3C45-41B4-9F6B-C9E62D31A306}.Release|x86.Build.0 = Release|Any CPU
		{223D9B38-2BA5-485E-98A4-1A53635FE7D1}.Debug|Any CPU.ActiveCfg = Debug|Any CPU
		{223D9B38-2BA5-485E-98A4-1A53635FE7D1}.Debug|Any CPU.Build.0 = Debug|Any CPU
		{223D9B38-2BA5-485E-98A4-1A53635FE7D1}.Debug|ARM.ActiveCfg = Debug|Any CPU
		{223D9B38-2BA5-485E-98A4-1A53635FE7D1}.Debug|ARM.Build.0 = Debug|Any CPU
		{223D9B38-2BA5-485E-98A4-1A53635FE7D1}.Debug|x64.ActiveCfg = Debug|Any CPU
		{223D9B38-2BA5-485E-98A4-1A53635FE7D1}.Debug|x64.Build.0 = Debug|Any CPU
		{223D9B38-2BA5-485E-98A4-1A53635FE7D1}.Debug|x86.ActiveCfg = Debug|Any CPU
		{223D9B38-2BA5-485E-98A4-1A53635FE7D1}.Debug|x86.Build.0 = Debug|Any CPU
		{223D9B38-2BA5-485E-98A4-1A53635FE7D1}.Release|Any CPU.ActiveCfg = Release|Any CPU
		{223D9B38-2BA5-485E-98A4-1A53635FE7D1}.Release|Any CPU.Build.0 = Release|Any CPU
		{223D9B38-2BA5-485E-98A4-1A53635FE7D1}.Release|ARM.ActiveCfg = Release|Any CPU
		{223D9B38-2BA5-485E-98A4-1A53635FE7D1}.Release|ARM.Build.0 = Release|Any CPU
		{223D9B38-2BA5-485E-98A4-1A53635FE7D1}.Release|x64.ActiveCfg = Release|Any CPU
		{223D9B38-2BA5-485E-98A4-1A53635FE7D1}.Release|x64.Build.0 = Release|Any CPU
		{223D9B38-2BA5-485E-98A4-1A53635FE7D1}.Release|x86.ActiveCfg = Release|Any CPU
		{223D9B38-2BA5-485E-98A4-1A53635FE7D1}.Release|x86.Build.0 = Release|Any CPU
		{8433041F-EAB6-4517-84D3-A5ACBB1685BD}.Debug|Any CPU.ActiveCfg = Debug|Any CPU
		{8433041F-EAB6-4517-84D3-A5ACBB1685BD}.Debug|Any CPU.Build.0 = Debug|Any CPU
		{8433041F-EAB6-4517-84D3-A5ACBB1685BD}.Debug|ARM.ActiveCfg = Debug|Any CPU
		{8433041F-EAB6-4517-84D3-A5ACBB1685BD}.Debug|ARM.Build.0 = Debug|Any CPU
		{8433041F-EAB6-4517-84D3-A5ACBB1685BD}.Debug|x64.ActiveCfg = Debug|Any CPU
		{8433041F-EAB6-4517-84D3-A5ACBB1685BD}.Debug|x64.Build.0 = Debug|Any CPU
		{8433041F-EAB6-4517-84D3-A5ACBB1685BD}.Debug|x86.ActiveCfg = Debug|Any CPU
		{8433041F-EAB6-4517-84D3-A5ACBB1685BD}.Debug|x86.Build.0 = Debug|Any CPU
		{8433041F-EAB6-4517-84D3-A5ACBB1685BD}.Release|Any CPU.ActiveCfg = Release|Any CPU
		{8433041F-EAB6-4517-84D3-A5ACBB1685BD}.Release|Any CPU.Build.0 = Release|Any CPU
		{8433041F-EAB6-4517-84D3-A5ACBB1685BD}.Release|ARM.ActiveCfg = Release|Any CPU
		{8433041F-EAB6-4517-84D3-A5ACBB1685BD}.Release|ARM.Build.0 = Release|Any CPU
		{8433041F-EAB6-4517-84D3-A5ACBB1685BD}.Release|x64.ActiveCfg = Release|Any CPU
		{8433041F-EAB6-4517-84D3-A5ACBB1685BD}.Release|x64.Build.0 = Release|Any CPU
		{8433041F-EAB6-4517-84D3-A5ACBB1685BD}.Release|x86.ActiveCfg = Release|Any CPU
		{8433041F-EAB6-4517-84D3-A5ACBB1685BD}.Release|x86.Build.0 = Release|Any CPU
		{541ABB88-EC94-4B71-9FAB-74A2991D6FCA}.Debug|Any CPU.ActiveCfg = Debug|Any CPU
		{541ABB88-EC94-4B71-9FAB-74A2991D6FCA}.Debug|Any CPU.Build.0 = Debug|Any CPU
		{541ABB88-EC94-4B71-9FAB-74A2991D6FCA}.Debug|ARM.ActiveCfg = Debug|Any CPU
		{541ABB88-EC94-4B71-9FAB-74A2991D6FCA}.Debug|ARM.Build.0 = Debug|Any CPU
		{541ABB88-EC94-4B71-9FAB-74A2991D6FCA}.Debug|x64.ActiveCfg = Debug|Any CPU
		{541ABB88-EC94-4B71-9FAB-74A2991D6FCA}.Debug|x64.Build.0 = Debug|Any CPU
		{541ABB88-EC94-4B71-9FAB-74A2991D6FCA}.Debug|x86.ActiveCfg = Debug|Any CPU
		{541ABB88-EC94-4B71-9FAB-74A2991D6FCA}.Debug|x86.Build.0 = Debug|Any CPU
		{541ABB88-EC94-4B71-9FAB-74A2991D6FCA}.Release|Any CPU.ActiveCfg = Release|Any CPU
		{541ABB88-EC94-4B71-9FAB-74A2991D6FCA}.Release|Any CPU.Build.0 = Release|Any CPU
		{541ABB88-EC94-4B71-9FAB-74A2991D6FCA}.Release|ARM.ActiveCfg = Release|Any CPU
		{541ABB88-EC94-4B71-9FAB-74A2991D6FCA}.Release|ARM.Build.0 = Release|Any CPU
		{541ABB88-EC94-4B71-9FAB-74A2991D6FCA}.Release|x64.ActiveCfg = Release|Any CPU
		{541ABB88-EC94-4B71-9FAB-74A2991D6FCA}.Release|x64.Build.0 = Release|Any CPU
		{541ABB88-EC94-4B71-9FAB-74A2991D6FCA}.Release|x86.ActiveCfg = Release|Any CPU
		{541ABB88-EC94-4B71-9FAB-74A2991D6FCA}.Release|x86.Build.0 = Release|Any CPU
		{41DF82EE-483F-41C5-9B6E-E04A1E4B4D5D}.Debug|Any CPU.ActiveCfg = Debug|Any CPU
		{41DF82EE-483F-41C5-9B6E-E04A1E4B4D5D}.Debug|Any CPU.Build.0 = Debug|Any CPU
		{41DF82EE-483F-41C5-9B6E-E04A1E4B4D5D}.Debug|ARM.ActiveCfg = Debug|Any CPU
		{41DF82EE-483F-41C5-9B6E-E04A1E4B4D5D}.Debug|ARM.Build.0 = Debug|Any CPU
		{41DF82EE-483F-41C5-9B6E-E04A1E4B4D5D}.Debug|x64.ActiveCfg = Debug|Any CPU
		{41DF82EE-483F-41C5-9B6E-E04A1E4B4D5D}.Debug|x64.Build.0 = Debug|Any CPU
		{41DF82EE-483F-41C5-9B6E-E04A1E4B4D5D}.Debug|x86.ActiveCfg = Debug|Any CPU
		{41DF82EE-483F-41C5-9B6E-E04A1E4B4D5D}.Debug|x86.Build.0 = Debug|Any CPU
		{41DF82EE-483F-41C5-9B6E-E04A1E4B4D5D}.Release|Any CPU.ActiveCfg = Release|Any CPU
		{41DF82EE-483F-41C5-9B6E-E04A1E4B4D5D}.Release|Any CPU.Build.0 = Release|Any CPU
		{41DF82EE-483F-41C5-9B6E-E04A1E4B4D5D}.Release|ARM.ActiveCfg = Release|Any CPU
		{41DF82EE-483F-41C5-9B6E-E04A1E4B4D5D}.Release|ARM.Build.0 = Release|Any CPU
		{41DF82EE-483F-41C5-9B6E-E04A1E4B4D5D}.Release|x64.ActiveCfg = Release|Any CPU
		{41DF82EE-483F-41C5-9B6E-E04A1E4B4D5D}.Release|x64.Build.0 = Release|Any CPU
		{41DF82EE-483F-41C5-9B6E-E04A1E4B4D5D}.Release|x86.ActiveCfg = Release|Any CPU
		{41DF82EE-483F-41C5-9B6E-E04A1E4B4D5D}.Release|x86.Build.0 = Release|Any CPU
	EndGlobalSection
	GlobalSection(SolutionProperties) = preSolution
		HideSolutionNode = FALSE
	EndGlobalSection
	GlobalSection(NestedProjects) = preSolution
		{70CE0127-77CF-47A7-A7F9-79E3FB5C29B7} = {1D6EC164-7C38-489A-85C3-8D339DDC3020}
		{0593F044-42E8-4E8B-9228-D89236DD031C} = {1D6EC164-7C38-489A-85C3-8D339DDC3020}
		{9C2804B8-83D5-47E9-B8CF-DA07E2B82212} = {0593F044-42E8-4E8B-9228-D89236DD031C}
		{5F9FE0A1-FDEF-449D-89FA-30C63A025020} = {0593F044-42E8-4E8B-9228-D89236DD031C}
		{7F0321AA-88B7-49DB-9E89-F1F486640FC2} = {0593F044-42E8-4E8B-9228-D89236DD031C}
		{62D3230F-E794-4FF6-BD97-FE6B0045B13A} = {0593F044-42E8-4E8B-9228-D89236DD031C}
		{433F9491-2563-4E3B-8AA5-8C45C74EACCE} = {0593F044-42E8-4E8B-9228-D89236DD031C}
		{2742B9DF-2AAA-4897-927D-9AB9912EEBBB} = {0593F044-42E8-4E8B-9228-D89236DD031C}
		{A041B9CE-BEF5-45DF-A734-E69B7FA3F3CD} = {70CE0127-77CF-47A7-A7F9-79E3FB5C29B7}
		{9DF9C9A9-3C45-41B4-9F6B-C9E62D31A306} = {70CE0127-77CF-47A7-A7F9-79E3FB5C29B7}
		{223D9B38-2BA5-485E-98A4-1A53635FE7D1} = {70CE0127-77CF-47A7-A7F9-79E3FB5C29B7}
		{8433041F-EAB6-4517-84D3-A5ACBB1685BD} = {70CE0127-77CF-47A7-A7F9-79E3FB5C29B7}
		{541ABB88-EC94-4B71-9FAB-74A2991D6FCA} = {0593F044-42E8-4E8B-9228-D89236DD031C}
		{41DF82EE-483F-41C5-9B6E-E04A1E4B4D5D} = {7538A25E-2983-4BC0-825F-B8B1147A6476}
	EndGlobalSection
EndGlobal
